
Microsoft Visual Studio Solution File, Format Version 12.00
# Visual Studio 15
VisualStudioVersion = 15.0.28307.329
MinimumVisualStudioVersion = 10.0.40219.1
Project("{9A19103F-16F7-4668-BE54-9A1E7A4F7556}") = "coreOnlineApparelStoreAdminPortal", "coreOnlineApparelStoreAdminPortal\coreOnlineApparelStoreAdminPortal.csproj", "{E2EB310B-2D91-4CA1-94C3-98BF1DB06D47}"
EndProject
Project("{9A19103F-16F7-4668-BE54-9A1E7A4F7556}") = "ApparelStoreUserPortal", "ApparelStoreUserPortal\ApparelStoreUserPortal.csproj", "{1A2E55EB-BEA2-4A31-8FB7-2999833C62B8}"
EndProject
Project("{FAE04EC0-301F-11D3-BF4B-00C04F79EFBC}") = "ApparelStoreUserPortalTesting", "ApparelStoreUserPortalTesting\ApparelStoreUserPortalTesting.csproj", "{CCBB1E80-C1B5-4BBE-93E3-C1BAF79C621F}"
EndProject
Project("{FAE04EC0-301F-11D3-BF4B-00C04F79EFBC}") = "CoreApparelManagerPortal", "CoreApparelManagerPortal\CoreApparelManagerPortal.csproj", "{C0394EEC-F833-47F0-A9D3-DA3363C130AB}"
EndProject
Global
	GlobalSection(SolutionConfigurationPlatforms) = preSolution
		Debug|Any CPU = Debug|Any CPU
		Release|Any CPU = Release|Any CPU
	EndGlobalSection
	GlobalSection(ProjectConfigurationPlatforms) = postSolution
		{E2EB310B-2D91-4CA1-94C3-98BF1DB06D47}.Debug|Any CPU.ActiveCfg = Debug|Any CPU
		{E2EB310B-2D91-4CA1-94C3-98BF1DB06D47}.Debug|Any CPU.Build.0 = Debug|Any CPU
		{E2EB310B-2D91-4CA1-94C3-98BF1DB06D47}.Release|Any CPU.ActiveCfg = Release|Any CPU
		{E2EB310B-2D91-4CA1-94C3-98BF1DB06D47}.Release|Any CPU.Build.0 = Release|Any CPU
		{1A2E55EB-BEA2-4A31-8FB7-2999833C62B8}.Debug|Any CPU.ActiveCfg = Debug|Any CPU
		{1A2E55EB-BEA2-4A31-8FB7-2999833C62B8}.Debug|Any CPU.Build.0 = Debug|Any CPU
		{1A2E55EB-BEA2-4A31-8FB7-2999833C62B8}.Release|Any CPU.ActiveCfg = Release|Any CPU
		{1A2E55EB-BEA2-4A31-8FB7-2999833C62B8}.Release|Any CPU.Build.0 = Release|Any CPU
		{CCBB1E80-C1B5-4BBE-93E3-C1BAF79C621F}.Debug|Any CPU.ActiveCfg = Debug|Any CPU
		{CCBB1E80-C1B5-4BBE-93E3-C1BAF79C621F}.Debug|Any CPU.Build.0 = Debug|Any CPU
		{CCBB1E80-C1B5-4BBE-93E3-C1BAF79C621F}.Release|Any CPU.ActiveCfg = Release|Any CPU
		{CCBB1E80-C1B5-4BBE-93E3-C1BAF79C621F}.Release|Any CPU.Build.0 = Release|Any CPU
		{C0394EEC-F833-47F0-A9D3-DA3363C130AB}.Debug|Any CPU.ActiveCfg = Debug|Any CPU
		{C0394EEC-F833-47F0-A9D3-DA3363C130AB}.Debug|Any CPU.Build.0 = Debug|Any CPU
		{C0394EEC-F833-47F0-A9D3-DA3363C130AB}.Release|Any CPU.ActiveCfg = Release|Any CPU
		{C0394EEC-F833-47F0-A9D3-DA3363C130AB}.Release|Any CPU.Build.0 = Release|Any CPU
	EndGlobalSection
	GlobalSection(SolutionProperties) = preSolution
		HideSolutionNode = FALSE
	EndGlobalSection
	GlobalSection(ExtensibilityGlobals) = postSolution
		SolutionGuid = {30BEBC67-47D1-42A0-8F61-F3A84EAAB20C}
	EndGlobalSection
EndGlobal
